
Microsoft Visual Studio Solution File, Format Version 12.00
# Visual Studio Version 16
VisualStudioVersion = 16.0.30503.244
MinimumVisualStudioVersion = 10.0.40219.1
Project("{FAE04EC0-301F-11D3-BF4B-00C04F79EFBC}") = "DataStructuresAndAlgorithms", "DataStructuresAndAlgorithms.csproj", "{9371F4AA-D5C6-4DBA-B04B-17CBA3E453D0}"
EndProject
Project("{FAE04EC0-301F-11D3-BF4B-00C04F79EFBC}") = "DataStructuresAndAlgorithmsTest", "..\DataStructuresAndAlgorithmsTest\DataStructuresAndAlgorithmsTest.csproj", "{2293FF10-8302-4B2D-B6F8-6517E984DE39}"
EndProject
Global
	GlobalSection(SolutionConfigurationPlatforms) = preSolution
		Debug|Any CPU = Debug|Any CPU
		Release|Any CPU = Release|Any CPU
	EndGlobalSection
	GlobalSection(ProjectConfigurationPlatforms) = postSolution
		{9371F4AA-D5C6-4DBA-B04B-17CBA3E453D0}.Debug|Any CPU.ActiveCfg = Debug|Any CPU
		{9371F4AA-D5C6-4DBA-B04B-17CBA3E453D0}.Debug|Any CPU.Build.0 = Debug|Any CPU
		{9371F4AA-D5C6-4DBA-B04B-17CBA3E453D0}.Release|Any CPU.ActiveCfg = Release|Any CPU
		{9371F4AA-D5C6-4DBA-B04B-17CBA3E453D0}.Release|Any CPU.Build.0 = Release|Any CPU
		{2293FF10-8302-4B2D-B6F8-6517E984DE39}.Debug|Any CPU.ActiveCfg = Debug|Any CPU
		{2293FF10-8302-4B2D-B6F8-6517E984DE39}.Debug|Any CPU.Build.0 = Debug|Any CPU
		{2293FF10-8302-4B2D-B6F8-6517E984DE39}.Release|Any CPU.ActiveCfg = Release|Any CPU
		{2293FF10-8302-4B2D-B6F8-6517E984DE39}.Release|Any CPU.Build.0 = Release|Any CPU
	EndGlobalSection
	GlobalSection(SolutionProperties) = preSolution
		HideSolutionNode = FALSE
	EndGlobalSection
	GlobalSection(ExtensibilityGlobals) = postSolution
		SolutionGuid = {3C9C147A-AE0F-4B27-AD7F-362E53FD19EB}
	EndGlobalSection
EndGlobal
